PODS:
  - ACPAnalytics (2.0.4):
    - ACPAnalytics/iOS (= 2.0.4)
    - ACPCore (>= 2.1.1)
  - ACPAnalytics/iOS (2.0.4):
    - ACPCore (>= 2.1.1)
  - ACPCore (2.2.1):
    - ACPCore/iOS (= 2.2.1)
  - ACPCore/iOS (2.2.1)
  - MyFramework (1.0.0):
    - ACPAnalytics (~> 2.0)
    - ACPCore (~> 2.0)

DEPENDENCIES:
  - MyFramework (from `../MyFramework`)

SPEC REPOS:
  https://github.com/cocoapods/specs.git:
    - ACPAnalytics
    - ACPCore

EXTERNAL SOURCES:
  MyFramework:
    :path: "../MyFramework"

SPEC CHECKSUMS:
  ACPAnalytics: a879a024bc91e7b1674b3de66095c4419701aff7
  ACPCore: 92f9a6615ea2b6cde984e04f3cc868f39b0a001f
  MyFramework: 8b04883e21fd4ccf77675c442692af54691c7647

PODFILE CHECKSUM: 549a762e88fb94be4751e5ed7113ecea1d0b45f7

COCOAPODS: 1.6.1
